
Microsoft Visual Studio Solution File, Format Version 12.00
Project("{FAE04EC0-301F-11D3-BF4B-00C04F79EFBC}") = "CreationEditor.Skyrim.Avalonia", "CreationEditor.Skyrim.Avalonia\CreationEditor.Skyrim.Avalonia.csproj", "{323EBCE6-2FC9-4704-B535-F34B33F30B15}"
EndProject
Project("{FAE04EC0-301F-11D3-BF4B-00C04F79EFBC}") = "CreationEditor", "CreationEditor\CreationEditor.csproj", "{1D2E9B64-B54B-4BCE-A74C-CA977A7FE510}"
EndProject
Project("{FAE04EC0-301F-11D3-BF4B-00C04F79EFBC}") = "CreationEditor.Skyrim", "CreationEditor.Skyrim\CreationEditor.Skyrim.csproj", "{511DED90-D7B1-49A4-9D31-9ECD3C05AF3D}"
EndProject
Project("{FAE04EC0-301F-11D3-BF4B-00C04F79EFBC}") = "CreationEditor.Avalonia", "CreationEditor.Avalonia\CreationEditor.Avalonia.csproj", "{AA82CD3B-8670-42DF-9756-32E5510AA183}"
EndProject
Project("{2150E333-8FDC-42A3-9474-1A3956D46DE8}") = "Plugins", "Plugins", "{E1F85481-4715-40F4-9143-3CF8579C96FA}"
EndProject
Project("{FAE04EC0-301F-11D3-BF4B-00C04F79EFBC}") = "SearchPlugin", "Plugins\SearchPlugin\SearchPlugin.csproj", "{230A2302-FF8A-473C-B24C-02B53892958F}"
EndProject
Project("{FAE04EC0-301F-11D3-BF4B-00C04F79EFBC}") = "VanillaDuplicateCleaner", "Plugins\VanillaDuplicateCleaner\VanillaDuplicateCleaner.csproj", "{F7CABF36-A297-43F4-91A5-409C94EC4B95}"
EndProject
Project("{FAE04EC0-301F-11D3-BF4B-00C04F79EFBC}") = "QueryPlugin", "Plugins\QueryPlugin\QueryPlugin.csproj", "{0A95E4F7-AC8A-4B5C-9CB8-A40570946ACA}"
EndProject
Project("{2150E333-8FDC-42A3-9474-1A3956D46DE8}") = "Skyrim", "Skyrim", "{9181C03D-A05B-4630-9E31-3D540F64E0F3}"
EndProject
Global
	GlobalSection(SolutionConfigurationPlatforms) = preSolution
		Debug|Any CPU = Debug|Any CPU
		Release|Any CPU = Release|Any CPU
	EndGlobalSection
	GlobalSection(ProjectConfigurationPlatforms) = postSolution
		{323EBCE6-2FC9-4704-B535-F34B33F30B15}.Debug|Any CPU.ActiveCfg = Debug|Any CPU
		{323EBCE6-2FC9-4704-B535-F34B33F30B15}.Debug|Any CPU.Build.0 = Debug|Any CPU
		{323EBCE6-2FC9-4704-B535-F34B33F30B15}.Release|Any CPU.ActiveCfg = Release|Any CPU
		{323EBCE6-2FC9-4704-B535-F34B33F30B15}.Release|Any CPU.Build.0 = Release|Any CPU
		{1D2E9B64-B54B-4BCE-A74C-CA977A7FE510}.Debug|Any CPU.ActiveCfg = Debug|Any CPU
		{1D2E9B64-B54B-4BCE-A74C-CA977A7FE510}.Debug|Any CPU.Build.0 = Debug|Any CPU
		{1D2E9B64-B54B-4BCE-A74C-CA977A7FE510}.Release|Any CPU.ActiveCfg = Release|Any CPU
		{1D2E9B64-B54B-4BCE-A74C-CA977A7FE510}.Release|Any CPU.Build.0 = Release|Any CPU
		{511DED90-D7B1-49A4-9D31-9ECD3C05AF3D}.Debug|Any CPU.ActiveCfg = Debug|Any CPU
		{511DED90-D7B1-49A4-9D31-9ECD3C05AF3D}.Debug|Any CPU.Build.0 = Debug|Any CPU
		{511DED90-D7B1-49A4-9D31-9ECD3C05AF3D}.Release|Any CPU.ActiveCfg = Release|Any CPU
		{511DED90-D7B1-49A4-9D31-9ECD3C05AF3D}.Release|Any CPU.Build.0 = Release|Any CPU
		{AA82CD3B-8670-42DF-9756-32E5510AA183}.Debug|Any CPU.ActiveCfg = Debug|Any CPU
		{AA82CD3B-8670-42DF-9756-32E5510AA183}.Debug|Any CPU.Build.0 = Debug|Any CPU
		{AA82CD3B-8670-42DF-9756-32E5510AA183}.Release|Any CPU.ActiveCfg = Release|Any CPU
		{AA82CD3B-8670-42DF-9756-32E5510AA183}.Release|Any CPU.Build.0 = Release|Any CPU
		{230A2302-FF8A-473C-B24C-02B53892958F}.Debug|Any CPU.ActiveCfg = Debug|Any CPU
		{230A2302-FF8A-473C-B24C-02B53892958F}.Debug|Any CPU.Build.0 = Debug|Any CPU
		{230A2302-FF8A-473C-B24C-02B53892958F}.Release|Any CPU.ActiveCfg = Release|Any CPU
		{230A2302-FF8A-473C-B24C-02B53892958F}.Release|Any CPU.Build.0 = Release|Any CPU
		{F7CABF36-A297-43F4-91A5-409C94EC4B95}.Debug|Any CPU.ActiveCfg = Debug|Any CPU
		{F7CABF36-A297-43F4-91A5-409C94EC4B95}.Debug|Any CPU.Build.0 = Debug|Any CPU
		{F7CABF36-A297-43F4-91A5-409C94EC4B95}.Release|Any CPU.ActiveCfg = Release|Any CPU
		{F7CABF36-A297-43F4-91A5-409C94EC4B95}.Release|Any CPU.Build.0 = Release|Any CPU
		{0A95E4F7-AC8A-4B5C-9CB8-A40570946ACA}.Debug|Any CPU.ActiveCfg = Debug|Any CPU
		{0A95E4F7-AC8A-4B5C-9CB8-A40570946ACA}.Debug|Any CPU.Build.0 = Debug|Any CPU
		{0A95E4F7-AC8A-4B5C-9CB8-A40570946ACA}.Release|Any CPU.ActiveCfg = Release|Any CPU
		{0A95E4F7-AC8A-4B5C-9CB8-A40570946ACA}.Release|Any CPU.Build.0 = Release|Any CPU
	EndGlobalSection
	GlobalSection(NestedProjects) = preSolution
		{230A2302-FF8A-473C-B24C-02B53892958F} = {E1F85481-4715-40F4-9143-3CF8579C96FA}
		{0A95E4F7-AC8A-4B5C-9CB8-A40570946ACA} = {E1F85481-4715-40F4-9143-3CF8579C96FA}
		{9181C03D-A05B-4630-9E31-3D540F64E0F3} = {E1F85481-4715-40F4-9143-3CF8579C96FA}
		{F7CABF36-A297-43F4-91A5-409C94EC4B95} = {9181C03D-A05B-4630-9E31-3D540F64E0F3}
	EndGlobalSection
EndGlobal
