
Microsoft Visual Studio Solution File, Format Version 12.00
Project("{FAE04EC0-301F-11D3-BF4B-00C04F79EFBC}") = "CreationEditor.Skyrim.Avalonia", "CreationEditor.Skyrim.Avalonia\CreationEditor.Skyrim.Avalonia.csproj", "{323EBCE6-2FC9-4704-B535-F34B33F30B15}"
EndProject
Project("{FAE04EC0-301F-11D3-BF4B-00C04F79EFBC}") = "CreationEditor", "CreationEditor\CreationEditor.csproj", "{1D2E9B64-B54B-4BCE-A74C-CA977A7FE510}"
EndProject
Project("{FAE04EC0-301F-11D3-BF4B-00C04F79EFBC}") = "CreationEditor.Skyrim", "CreationEditor.Skyrim\CreationEditor.Skyrim.csproj", "{511DED90-D7B1-49A4-9D31-9ECD3C05AF3D}"
EndProject
Project("{FAE04EC0-301F-11D3-BF4B-00C04F79EFBC}") = "CreationEditor.Avalonia", "CreationEditor.Avalonia\CreationEditor.Avalonia.csproj", "{AA82CD3B-8670-42DF-9756-32E5510AA183}"
EndProject
Project("{2150E333-8FDC-42A3-9474-1A3956D46DE8}") = "Plugins", "Plugins", "{E1F85481-4715-40F4-9143-3CF8579C96FA}"
EndProject
Project("{FAE04EC0-301F-11D3-BF4B-00C04F79EFBC}") = "SearchPlugin", "Plugins\SearchPlugin\SearchPlugin.csproj", "{230A2302-FF8A-473C-B24C-02B53892958F}"
EndProject
Project("{FAE04EC0-301F-11D3-BF4B-00C04F79EFBC}") = "VanillaDuplicateCleaner", "Plugins\VanillaDuplicateCleaner\VanillaDuplicateCleaner.csproj", "{F7CABF36-A297-43F4-91A5-409C94EC4B95}"
EndProject
Project("{FAE04EC0-301F-11D3-BF4B-00C04F79EFBC}") = "QueryPlugin", "Plugins\QueryPlugin\QueryPlugin.csproj", "{0A95E4F7-AC8A-4B5C-9CB8-A40570946ACA}"
EndProject
Project("{2150E333-8FDC-42A3-9474-1A3956D46DE8}") = "Skyrim", "Skyrim", "{9181C03D-A05B-4630-9E31-3D540F64E0F3}"
EndProject
Project("{2150E333-8FDC-42A3-9474-1A3956D46DE8}") = "Interop", "Interop", "{A5467D2A-A154-4296-AFDF-075EB40F5931}"
EndProject
Project("{FAE04EC0-301F-11D3-BF4B-00C04F79EFBC}") = "Windows.Interop", "Interop\Windows.Interop\Windows.Interop.csproj", "{0CA50D09-8685-4F89-9FF9-E7C05FDD8546}"
EndProject
Project("{FAE04EC0-301F-11D3-BF4B-00C04F79EFBC}") = "ProjectBSE.Interop", "Interop\ProjectBSE.Interop\ProjectBSE.Interop.csproj", "{2625AB4E-ECD0-4D2D-A59B-E85187C9777B}"
EndProject
Project("{FAE04EC0-301F-11D3-BF4B-00C04F79EFBC}") = "ProjectBSE.Interop.Test", "Interop\ProjectBSE.Interop.Test\ProjectBSE.Interop.Test.csproj", "{F30E6626-5B2C-4C8A-BBCF-A56C50512807}"
EndProject
Project("{FAE04EC0-301F-11D3-BF4B-00C04F79EFBC}") = "PromoteToMaster", "Plugins\PromoteToMaster\PromoteToMaster.csproj", "{51B50FDE-06FE-4A76-869A-42A2B0617FDA}"
EndProject
Project("{2150E333-8FDC-42A3-9474-1A3956D46DE8}") = "Tests", "Tests", "{27927978-998F-4D37-BCC7-DFB93EFA5F17}"
EndProject
Project("{FAE04EC0-301F-11D3-BF4B-00C04F79EFBC}") = "CreationEditor.Skyrim.Tests", "Tests\CreationEditor.Skyrim.Tests\CreationEditor.Skyrim.Tests.csproj", "{5B50A007-270D-428D-AEC4-673D5CF7A660}"
EndProject
Project("{FAE04EC0-301F-11D3-BF4B-00C04F79EFBC}") = "MapperPlugin", "Plugins\MapperPlugin\MapperPlugin.csproj", "{1860B40E-7ECD-4CB8-8EF8-52C83DD00B06}"
EndProject
Project("{FAE04EC0-301F-11D3-BF4B-00C04F79EFBC}") = "WaterPlugin", "Plugins\WaterPlugin\WaterPlugin.csproj", "{9E284BB8-1E26-4730-B2C3-04DF1DAC11BB}"
EndProject
Project("{FAE04EC0-301F-11D3-BF4B-00C04F79EFBC}") = "ModCleaner", "Plugins\ModCleaner\ModCleaner.csproj", "{4C696115-0CE7-4043-8A20-880F07989F88}"
EndProject
Project("{FAE04EC0-301F-11D3-BF4B-00C04F79EFBC}") = "TestConsoleAssetRemapper", "TestConsoleAssetRemapper\TestConsoleAssetRemapper.csproj", "{86A93D39-213C-4E73-9E2B-FF4C12A5AF61}"
EndProject
Global
	GlobalSection(SolutionConfigurationPlatforms) = preSolution
		Debug|Any CPU = Debug|Any CPU
		Release|Any CPU = Release|Any CPU
	EndGlobalSection
	GlobalSection(ProjectConfigurationPlatforms) = postSolution
		{323EBCE6-2FC9-4704-B535-F34B33F30B15}.Debug|Any CPU.ActiveCfg = Debug|Any CPU
		{323EBCE6-2FC9-4704-B535-F34B33F30B15}.Debug|Any CPU.Build.0 = Debug|Any CPU
		{323EBCE6-2FC9-4704-B535-F34B33F30B15}.Release|Any CPU.ActiveCfg = Release|Any CPU
		{323EBCE6-2FC9-4704-B535-F34B33F30B15}.Release|Any CPU.Build.0 = Release|Any CPU
		{1D2E9B64-B54B-4BCE-A74C-CA977A7FE510}.Debug|Any CPU.ActiveCfg = Debug|Any CPU
		{1D2E9B64-B54B-4BCE-A74C-CA977A7FE510}.Debug|Any CPU.Build.0 = Debug|Any CPU
		{1D2E9B64-B54B-4BCE-A74C-CA977A7FE510}.Release|Any CPU.ActiveCfg = Release|Any CPU
		{1D2E9B64-B54B-4BCE-A74C-CA977A7FE510}.Release|Any CPU.Build.0 = Release|Any CPU
		{511DED90-D7B1-49A4-9D31-9ECD3C05AF3D}.Debug|Any CPU.ActiveCfg = Debug|Any CPU
		{511DED90-D7B1-49A4-9D31-9ECD3C05AF3D}.Debug|Any CPU.Build.0 = Debug|Any CPU
		{511DED90-D7B1-49A4-9D31-9ECD3C05AF3D}.Release|Any CPU.ActiveCfg = Release|Any CPU
		{511DED90-D7B1-49A4-9D31-9ECD3C05AF3D}.Release|Any CPU.Build.0 = Release|Any CPU
		{AA82CD3B-8670-42DF-9756-32E5510AA183}.Debug|Any CPU.ActiveCfg = Debug|Any CPU
		{AA82CD3B-8670-42DF-9756-32E5510AA183}.Debug|Any CPU.Build.0 = Debug|Any CPU
		{AA82CD3B-8670-42DF-9756-32E5510AA183}.Release|Any CPU.ActiveCfg = Release|Any CPU
		{AA82CD3B-8670-42DF-9756-32E5510AA183}.Release|Any CPU.Build.0 = Release|Any CPU
		{230A2302-FF8A-473C-B24C-02B53892958F}.Debug|Any CPU.ActiveCfg = Debug|Any CPU
		{230A2302-FF8A-473C-B24C-02B53892958F}.Debug|Any CPU.Build.0 = Debug|Any CPU
		{230A2302-FF8A-473C-B24C-02B53892958F}.Release|Any CPU.ActiveCfg = Release|Any CPU
		{230A2302-FF8A-473C-B24C-02B53892958F}.Release|Any CPU.Build.0 = Release|Any CPU
		{F7CABF36-A297-43F4-91A5-409C94EC4B95}.Debug|Any CPU.ActiveCfg = Debug|Any CPU
		{F7CABF36-A297-43F4-91A5-409C94EC4B95}.Debug|Any CPU.Build.0 = Debug|Any CPU
		{F7CABF36-A297-43F4-91A5-409C94EC4B95}.Release|Any CPU.ActiveCfg = Release|Any CPU
		{F7CABF36-A297-43F4-91A5-409C94EC4B95}.Release|Any CPU.Build.0 = Release|Any CPU
		{0A95E4F7-AC8A-4B5C-9CB8-A40570946ACA}.Debug|Any CPU.ActiveCfg = Debug|Any CPU
		{0A95E4F7-AC8A-4B5C-9CB8-A40570946ACA}.Debug|Any CPU.Build.0 = Debug|Any CPU
		{0A95E4F7-AC8A-4B5C-9CB8-A40570946ACA}.Release|Any CPU.ActiveCfg = Release|Any CPU
		{0A95E4F7-AC8A-4B5C-9CB8-A40570946ACA}.Release|Any CPU.Build.0 = Release|Any CPU
		{0CA50D09-8685-4F89-9FF9-E7C05FDD8546}.Debug|Any CPU.ActiveCfg = Debug|Any CPU
		{0CA50D09-8685-4F89-9FF9-E7C05FDD8546}.Debug|Any CPU.Build.0 = Debug|Any CPU
		{0CA50D09-8685-4F89-9FF9-E7C05FDD8546}.Release|Any CPU.ActiveCfg = Release|Any CPU
		{0CA50D09-8685-4F89-9FF9-E7C05FDD8546}.Release|Any CPU.Build.0 = Release|Any CPU
		{2625AB4E-ECD0-4D2D-A59B-E85187C9777B}.Debug|Any CPU.ActiveCfg = Debug|Any CPU
		{2625AB4E-ECD0-4D2D-A59B-E85187C9777B}.Debug|Any CPU.Build.0 = Debug|Any CPU
		{2625AB4E-ECD0-4D2D-A59B-E85187C9777B}.Release|Any CPU.ActiveCfg = Release|Any CPU
		{2625AB4E-ECD0-4D2D-A59B-E85187C9777B}.Release|Any CPU.Build.0 = Release|Any CPU
		{F30E6626-5B2C-4C8A-BBCF-A56C50512807}.Debug|Any CPU.ActiveCfg = Debug|Any CPU
		{F30E6626-5B2C-4C8A-BBCF-A56C50512807}.Debug|Any CPU.Build.0 = Debug|Any CPU
		{F30E6626-5B2C-4C8A-BBCF-A56C50512807}.Release|Any CPU.ActiveCfg = Release|Any CPU
		{F30E6626-5B2C-4C8A-BBCF-A56C50512807}.Release|Any CPU.Build.0 = Release|Any CPU
		{51B50FDE-06FE-4A76-869A-42A2B0617FDA}.Debug|Any CPU.ActiveCfg = Debug|Any CPU
		{51B50FDE-06FE-4A76-869A-42A2B0617FDA}.Debug|Any CPU.Build.0 = Debug|Any CPU
		{51B50FDE-06FE-4A76-869A-42A2B0617FDA}.Release|Any CPU.ActiveCfg = Release|Any CPU
		{51B50FDE-06FE-4A76-869A-42A2B0617FDA}.Release|Any CPU.Build.0 = Release|Any CPU
		{5B50A007-270D-428D-AEC4-673D5CF7A660}.Debug|Any CPU.ActiveCfg = Debug|Any CPU
		{5B50A007-270D-428D-AEC4-673D5CF7A660}.Debug|Any CPU.Build.0 = Debug|Any CPU
		{5B50A007-270D-428D-AEC4-673D5CF7A660}.Release|Any CPU.ActiveCfg = Release|Any CPU
		{5B50A007-270D-428D-AEC4-673D5CF7A660}.Release|Any CPU.Build.0 = Release|Any CPU
		{1860B40E-7ECD-4CB8-8EF8-52C83DD00B06}.Debug|Any CPU.ActiveCfg = Debug|Any CPU
		{1860B40E-7ECD-4CB8-8EF8-52C83DD00B06}.Debug|Any CPU.Build.0 = Debug|Any CPU
		{1860B40E-7ECD-4CB8-8EF8-52C83DD00B06}.Release|Any CPU.ActiveCfg = Release|Any CPU
		{1860B40E-7ECD-4CB8-8EF8-52C83DD00B06}.Release|Any CPU.Build.0 = Release|Any CPU
		{9E284BB8-1E26-4730-B2C3-04DF1DAC11BB}.Debug|Any CPU.ActiveCfg = Debug|Any CPU
		{9E284BB8-1E26-4730-B2C3-04DF1DAC11BB}.Debug|Any CPU.Build.0 = Debug|Any CPU
		{9E284BB8-1E26-4730-B2C3-04DF1DAC11BB}.Release|Any CPU.ActiveCfg = Release|Any CPU
		{9E284BB8-1E26-4730-B2C3-04DF1DAC11BB}.Release|Any CPU.Build.0 = Release|Any CPU
		{4C696115-0CE7-4043-8A20-880F07989F88}.Debug|Any CPU.ActiveCfg = Debug|Any CPU
		{4C696115-0CE7-4043-8A20-880F07989F88}.Debug|Any CPU.Build.0 = Debug|Any CPU
		{4C696115-0CE7-4043-8A20-880F07989F88}.Release|Any CPU.ActiveCfg = Release|Any CPU
		{4C696115-0CE7-4043-8A20-880F07989F88}.Release|Any CPU.Build.0 = Release|Any CPU
		{86A93D39-213C-4E73-9E2B-FF4C12A5AF61}.Debug|Any CPU.ActiveCfg = Debug|Any CPU
		{86A93D39-213C-4E73-9E2B-FF4C12A5AF61}.Debug|Any CPU.Build.0 = Debug|Any CPU
		{86A93D39-213C-4E73-9E2B-FF4C12A5AF61}.Release|Any CPU.ActiveCfg = Release|Any CPU
		{86A93D39-213C-4E73-9E2B-FF4C12A5AF61}.Release|Any CPU.Build.0 = Release|Any CPU
	EndGlobalSection
	GlobalSection(NestedProjects) = preSolution
		{230A2302-FF8A-473C-B24C-02B53892958F} = {E1F85481-4715-40F4-9143-3CF8579C96FA}
		{0A95E4F7-AC8A-4B5C-9CB8-A40570946ACA} = {E1F85481-4715-40F4-9143-3CF8579C96FA}
		{9181C03D-A05B-4630-9E31-3D540F64E0F3} = {E1F85481-4715-40F4-9143-3CF8579C96FA}
		{F7CABF36-A297-43F4-91A5-409C94EC4B95} = {9181C03D-A05B-4630-9E31-3D540F64E0F3}
		{0CA50D09-8685-4F89-9FF9-E7C05FDD8546} = {A5467D2A-A154-4296-AFDF-075EB40F5931}
		{2625AB4E-ECD0-4D2D-A59B-E85187C9777B} = {A5467D2A-A154-4296-AFDF-075EB40F5931}
		{F30E6626-5B2C-4C8A-BBCF-A56C50512807} = {A5467D2A-A154-4296-AFDF-075EB40F5931}
		{51B50FDE-06FE-4A76-869A-42A2B0617FDA} = {9181C03D-A05B-4630-9E31-3D540F64E0F3}
		{5B50A007-270D-428D-AEC4-673D5CF7A660} = {27927978-998F-4D37-BCC7-DFB93EFA5F17}
		{9E284BB8-1E26-4730-B2C3-04DF1DAC11BB} = {9181C03D-A05B-4630-9E31-3D540F64E0F3}
		{1860B40E-7ECD-4CB8-8EF8-52C83DD00B06} = {9181C03D-A05B-4630-9E31-3D540F64E0F3}
		{4C696115-0CE7-4043-8A20-880F07989F88} = {9181C03D-A05B-4630-9E31-3D540F64E0F3}
	EndGlobalSection
EndGlobal
